
Microsoft Visual Studio Solution File, Format Version 12.00
# Visual Studio Version 16
VisualStudioVersion = 16.0.32106.194
MinimumVisualStudioVersion = 10.0.40219.1
Project("{FAE04EC0-301F-11D3-BF4B-00C04F79EFBC}") = "Practica2", "Practica2\Practica2.csproj", "{1E1B42A3-DE7D-43B9-9703-5673B01EEB44}"
EndProject
Global
	GlobalSection(SolutionConfigurationPlatforms) = preSolution
		Debug|Any CPU = Debug|Any CPU
		Release|Any CPU = Release|Any CPU
	EndGlobalSection
	GlobalSection(ProjectConfigurationPlatforms) = postSolution
		{1E1B42A3-DE7D-43B9-9703-5673B01EEB44}.Debug|Any CPU.ActiveCfg = Debug|Any CPU
		{1E1B42A3-DE7D-43B9-9703-5673B01EEB44}.Debug|Any CPU.Build.0 = Debug|Any CPU
		{1E1B42A3-DE7D-43B9-9703-5673B01EEB44}.Release|Any CPU.ActiveCfg = Release|Any CPU
		{1E1B42A3-DE7D-43B9-9703-5673B01EEB44}.Release|Any CPU.Build.0 = Release|Any CPU
	EndGlobalSection
	GlobalSection(SolutionProperties) = preSolution
		HideSolutionNode = FALSE
	EndGlobalSection
	GlobalSection(ExtensibilityGlobals) = postSolution
		SolutionGuid = {4408857F-E76F-4497-967C-3291743F036C}
	EndGlobalSection
EndGlobal
